// !$*UTF8*$!
{
	archiveVersion = 1;
	classes = {
	};
	objectVersion = 48;
	objects = {

/* Begin PBXBuildFile section */
		0104C6E2204BA74600B03725 /* AppDelegate.swift in Sources */ = {isa = PBXBuildFile; fileRef = 0104C6E1204BA74600B03725 /* AppDelegate.swift */; };
		0104C6E4204BA74600B03725 /* ViewController.swift in Sources */ = {isa = PBXBuildFile; fileRef = 0104C6E3204BA74600B03725 /* ViewController.swift */; };
		0104C6E7204BA74600B03725 /* Main.storyboard in Resources */ = {isa = PBXBuildFile; fileRef = 0104C6E5204BA74600B03725 /* Main.storyboard */; };
		0104C6E9204BA74600B03725 /* Assets.xcassets in Resources */ = {isa = PBXBuildFile; fileRef = 0104C6E8204BA74600B03725 /* Assets.xcassets */; };
		0104C6EC204BA74600B03725 /* LaunchScreen.storyboard in Resources */ = {isa = PBXBuildFile; fileRef = 0104C6EA204BA74600B03725 /* LaunchScreen.storyboard */; };
		0104C6F7204BA74600B03725 /* MDBSocials2Tests.swift in Sources */ = {isa = PBXBuildFile; fileRef = 0104C6F6204BA74600B03725 /* MDBSocials2Tests.swift */; };
		0104C702204BA74600B03725 /* MDBSocials2UITests.swift in Sources */ = {isa = PBXBuildFile; fileRef = 0104C701204BA74600B03725 /* MDBSocials2UITests.swift */; };
/* End PBXBuildFile section */

/* Begin PBXContainerItemProxy section */
		0104C6F3204BA74600B03725 /* PBXContainerItemProxy */ = {
			isa = PBXContainerItemProxy;
			containerPortal = 0104C6D6204BA74600B03725 /* Project object */;
			proxyType = 1;
			remoteGlobalIDString = 0104C6DD204BA74600B03725;
			remoteInfo = MDBSocials2;
		};
		0104C6FE204BA74600B03725 /* PBXContainerItemProxy */ = {
			isa = PBXContainerItemProxy;
			containerPortal = 0104C6D6204BA74600B03725 /* Project object */;
			proxyType = 1;
			remoteGlobalIDString = 0104C6DD204BA74600B03725;
			remoteInfo = MDBSocials2;
		};
/* End PBXContainerItemProxy section */

/* Begin PBXFileReference section */
		0104C6DE204BA74600B03725 /* MDBSocials2.app */ = {isa = PBXFileReference; explicitFileType = wrapper.application; includeInIndex = 0; path = MDBSocials2.app; sourceTree = BUILT_PRODUCTS_DIR; };
		0104C6E1204BA74600B03725 /* AppDelegate.swift */ = {isa = PBXFileReference; lastKnownFileType = sourcecode.swift; path = AppDelegate.swift; sourceTree = "<group>"; };
		0104C6E3204BA74600B03725 /* ViewController.swift */ = {isa = PBXFileReference; lastKnownFileType = sourcecode.swift; path = ViewController.swift; sourceTree = "<group>"; };
		0104C6E6204BA74600B03725 /* Base */ = {isa = PBXFileReference; lastKnownFileType = file.storyboard; name = Base; path = Base.lproj/Main.storyboard; sourceTree = "<group>"; };
		0104C6E8204BA74600B03725 /* Assets.xcassets */ = {isa = PBXFileReference; lastKnownFileType = folder.assetcatalog; path = Assets.xcassets; sourceTree = "<group>"; };
		0104C6EB204BA74600B03725 /* Base */ = {isa = PBXFileReference; lastKnownFileType = file.storyboard; name = Base; path = Base.lproj/LaunchScreen.storyboard; sourceTree = "<group>"; };
		0104C6ED204BA74600B03725 /* Info.plist */ = {isa = PBXFileReference; lastKnownFileType = text.plist.xml; path = Info.plist; sourceTree = "<group>"; };
		0104C6F2204BA74600B03725 /* MDBSocials2Tests.xctest */ = {isa = PBXFileReference; explicitFileType = wrapper.cfbundle; includeInIndex = 0; path = MDBSocials2Tests.xctest; sourceTree = BUILT_PRODUCTS_DIR; };
		0104C6F6204BA74600B03725 /* MDBSocials2Tests.swift */ = {isa = PBXFileReference; lastKnownFileType = sourcecode.swift; path = MDBSocials2Tests.swift; sourceTree = "<group>"; };
		0104C6F8204BA74600B03725 /* Info.plist */ = {isa = PBXFileReference; lastKnownFileType = text.plist.xml; path = Info.plist; sourceTree = "<group>"; };
		0104C6FD204BA74600B03725 /* MDBSocials2UITests.xctest */ = {isa = PBXFileReference; explicitFileType = wrapper.cfbundle; includeInIndex = 0; path = MDBSocials2UITests.xctest; sourceTree = BUILT_PRODUCTS_DIR; };
		0104C701204BA74600B03725 /* MDBSocials2UITests.swift */ = {isa = PBXFileReference; lastKnownFileType = sourcecode.swift; path = MDBSocials2UITests.swift; sourceTree = "<group>"; };
		0104C703204BA74600B03725 /* Info.plist */ = {isa = PBXFileReference; lastKnownFileType = text.plist.xml; path = Info.plist; sourceTree = "<group>"; };
/* End PBXFileReference section */

/* Begin PBXFrameworksBuildPhase section */
		0104C6DB204BA74600B03725 /* Frameworks */ = {
			isa = PBXFrameworksBuildPhase;
			buildActionMask = 2147483647;
			files = (
			);
			runOnlyForDeploymentPostprocessing = 0;
		};
		0104C6EF204BA74600B03725 /* Frameworks */ = {
			isa = PBXFrameworksBuildPhase;
			buildActionMask = 2147483647;
			files = (
			);
			runOnlyForDeploymentPostprocessing = 0;
		};
		0104C6FA204BA74600B03725 /* Frameworks */ = {
			isa = PBXFrameworksBuildPhase;
			buildActionMask = 2147483647;
			files = (
			);
			runOnlyForDeploymentPostprocessing = 0;
		};
/* End PBXFrameworksBuildPhase section */

/* Begin PBXGroup section */
		0104C6D5204BA74600B03725 = {
			isa = PBXGroup;
			children = (
				0104C6E0204BA74600B03725 /* MDBSocials2 */,
				0104C6F5204BA74600B03725 /* MDBSocials2Tests */,
				0104C700204BA74600B03725 /* MDBSocials2UITests */,
				0104C6DF204BA74600B03725 /* Products */,
			);
			sourceTree = "<group>";
		};
		0104C6DF204BA74600B03725 /* Products */ = {
			isa = PBXGroup;
			children = (
				0104C6DE204BA74600B03725 /* MDBSocials2.app */,
				0104C6F2204BA74600B03725 /* MDBSocials2Tests.xctest */,
				0104C6FD204BA74600B03725 /* MDBSocials2UITests.xctest */,
			);
			name = Products;
			sourceTree = "<group>";
		};
		0104C6E0204BA74600B03725 /* MDBSocials2 */ = {
			isa = PBXGroup;
			children = (
				0104C6E1204BA74600B03725 /* AppDelegate.swift */,
				0104C6E3204BA74600B03725 /* ViewController.swift */,
				0104C6E5204BA74600B03725 /* Main.storyboard */,
				0104C6E8204BA74600B03725 /* Assets.xcassets */,
				0104C6EA204BA74600B03725 /* LaunchScreen.storyboard */,
				0104C6ED204BA74600B03725 /* Info.plist */,
			);
			path = MDBSocials2;
			sourceTree = "<group>";
		};
		0104C6F5204BA74600B03725 /* MDBSocials2Tests */ = {
			isa = PBXGroup;
			children = (
				0104C6F6204BA74600B03725 /* MDBSocials2Tests.swift */,
				0104C6F8204BA74600B03725 /* Info.plist */,
			);
			path = MDBSocials2Tests;
			sourceTree = "<group>";
		};
		0104C700204BA74600B03725 /* MDBSocials2UITests */ = {
			isa = PBXGroup;
			children = (
				0104C701204BA74600B03725 /* MDBSocials2UITests.swift */,
				0104C703204BA74600B03725 /* Info.plist */,
			);
			path = MDBSocials2UITests;
			sourceTree = "<group>";
		};
/* End PBXGroup section */

/* Begin PBXNativeTarget section */
		0104C6DD204BA74600B03725 /* MDBSocials2 */ = {
			isa = PBXNativeTarget;
			buildConfigurationList = 0104C706204BA74600B03725 /* Build configuration list for PBXNativeTarget "MDBSocials2" */;
			buildPhases = (
				0104C6DA204BA74600B03725 /* Sources */,
				0104C6DB204BA74600B03725 /* Frameworks */,
				0104C6DC204BA74600B03725 /* Resources */,
			);
			buildRules = (
			);
			dependencies = (
			);
			name = MDBSocials2;
			productName = MDBSocials2;
			productReference = 0104C6DE204BA74600B03725 /* MDBSocials2.app */;
			productType = "com.apple.product-type.application";
		};
		0104C6F1204BA74600B03725 /* MDBSocials2Tests */ = {
			isa = PBXNativeTarget;
			buildConfigurationList = 0104C709204BA74600B03725 /* Build configuration list for PBXNativeTarget "MDBSocials2Tests" */;
			buildPhases = (
				0104C6EE204BA74600B03725 /* Sources */,
				0104C6EF204BA74600B03725 /* Frameworks */,
				0104C6F0204BA74600B03725 /* Resources */,
			);
			buildRules = (
			);
			dependencies = (
				0104C6F4204BA74600B03725 /* PBXTargetDependency */,
			);
			name = MDBSocials2Tests;
			productName = MDBSocials2Tests;
			productReference = 0104C6F2204BA74600B03725 /* MDBSocials2Tests.xctest */;
			productType = "com.apple.product-type.bundle.unit-test";
		};
		0104C6FC204BA74600B03725 /* MDBSocials2UITests */ = {
			isa = PBXNativeTarget;
			buildConfigurationList = 0104C70C204BA74600B03725 /* Build configuration list for PBXNativeTarget "MDBSocials2UITests" */;
			buildPhases = (
				0104C6F9204BA74600B03725 /* Sources */,
				0104C6FA204BA74600B03725 /* Frameworks */,
				0104C6FB204BA74600B03725 /* Resources */,
			);
			buildRules = (
			);
			dependencies = (
				0104C6FF204BA74600B03725 /* PBXTargetDependency */,
			);
			name = MDBSocials2UITests;
			productName = MDBSocials2UITests;
			productReference = 0104C6FD204BA74600B03725 /* MDBSocials2UITests.xctest */;
			productType = "com.apple.product-type.bundle.ui-testing";
		};
/* End PBXNativeTarget section */

/* Begin PBXProject section */
		0104C6D6204BA74600B03725 /* Project object */ = {
			isa = PBXProject;
			attributes = {
				LastSwiftUpdateCheck = 0920;
				LastUpgradeCheck = 0920;
				ORGANIZATIONNAME = "Niky Arora";
				TargetAttributes = {
					0104C6DD204BA74600B03725 = {
						CreatedOnToolsVersion = 9.2;
						ProvisioningStyle = Automatic;
					};
					0104C6F1204BA74600B03725 = {
						CreatedOnToolsVersion = 9.2;
						ProvisioningStyle = Automatic;
						TestTargetID = 0104C6DD204BA74600B03725;
					};
					0104C6FC204BA74600B03725 = {
						CreatedOnToolsVersion = 9.2;
						ProvisioningStyle = Automatic;
						TestTargetID = 0104C6DD204BA74600B03725;
					};
				};
			};
			buildConfigurationList = 0104C6D9204BA74600B03725 /* Build configuration list for PBXProject "MDBSocials2" */;
			compatibilityVersion = "Xcode 8.0";
			developmentRegion = en;
			hasScannedForEncodings = 0;
			knownRegions = (
				en,
				Base,
			);
			mainGroup = 0104C6D5204BA74600B03725;
			productRefGroup = 0104C6DF204BA74600B03725 /* Products */;
			projectDirPath = "";
			projectRoot = "";
			targets = (
				0104C6DD204BA74600B03725 /* MDBSocials2 */,
				0104C6F1204BA74600B03725 /* MDBSocials2Tests */,
				0104C6FC204BA74600B03725 /* MDBSocials2UITests */,
			);
		};
/* End PBXProject section */

/* Begin PBXResourcesBuildPhase section */
		0104C6DC204BA74600B03725 /* Resources */ = {
			isa = PBXResourcesBuildPhase;
			buildActionMask = 2147483647;
			files = (
				0104C6EC204BA74600B03725 /* LaunchScreen.storyboard in Resources */,
				0104C6E9204BA74600B03725 /* Assets.xcassets in Resources */,
				0104C6E7204BA74600B03725 /* Main.storyboard in Resources */,
			);
			runOnlyForDeploymentPostprocessing = 0;
		};
		0104C6F0204BA74600B03725 /* Resources */ = {
			isa = PBXResourcesBuildPhase;
			buildActionMask = 2147483647;
			files = (
			);
			runOnlyForDeploymentPostprocessing = 0;
		};
		0104C6FB204BA74600B03725 /* Resources */ = {
			isa = PBXResourcesBuildPhase;
			buildActionMask = 2147483647;
			files = (
			);
			runOnlyForDeploymentPostprocessing = 0;
		};
/* End PBXResourcesBuildPhase section */

/* Begin PBXSourcesBuildPhase section */
		0104C6DA204BA74600B03725 /* Sources */ = {
			isa = PBXSourcesBuildPhase;
			buildActionMask = 2147483647;
			files = (
				0104C6E4204BA74600B03725 /* ViewController.swift in Sources */,
				0104C6E2204BA74600B03725 /* AppDelegate.swift in Sources */,
			);
			runOnlyForDeploymentPostprocessing = 0;
		};
		0104C6EE204BA74600B03725 /* Sources */ = {
			isa = PBXSourcesBuildPhase;
			buildActionMask = 2147483647;
			files = (
				0104C6F7204BA74600B03725 /* MDBSocials2Tests.swift in Sources */,
			);
			runOnlyForDeploymentPostprocessing = 0;
		};
		0104C6F9204BA74600B03725 /* Sources */ = {
			isa = PBXSourcesBuildPhase;
			buildActionMask = 2147483647;
			files = (
				0104C702204BA74600B03725 /* MDBSocials2UITests.swift in Sources */,
			);
			runOnlyForDeploymentPostprocessing = 0;
		};
/* End PBXSourcesBuildPhase section */

/* Begin PBXTargetDependency section */
		0104C6F4204BA74600B03725 /* PBXTargetDependency */ = {
			isa = PBXTargetDependency;
			target = 0104C6DD204BA74600B03725 /* MDBSocials2 */;
			targetProxy = 0104C6F3204BA74600B03725 /* PBXContainerItemProxy */;
		};
		0104C6FF204BA74600B03725 /* PBXTargetDependency */ = {
			isa = PBXTargetDependency;
			target = 0104C6DD204BA74600B03725 /* MDBSocials2 */;
			targetProxy = 0104C6FE204BA74600B03725 /* PBXContainerItemProxy */;
		};
/* End PBXTargetDependency section */

/* Begin PBXVariantGroup section */
		0104C6E5204BA74600B03725 /* Main.storyboard */ = {
			isa = PBXVariantGroup;
			children = (
				0104C6E6204BA74600B03725 /* Base */,
			);
			name = Main.storyboard;
			sourceTree = "<group>";
		};
		0104C6EA204BA74600B03725 /* LaunchScreen.storyboard */ = {
			isa = PBXVariantGroup;
			children = (
				0104C6EB204BA74600B03725 /* Base */,
			);
			name = LaunchScreen.storyboard;
			sourceTree = "<group>";
		};
/* End PBXVariantGroup section */

/* Begin XCBuildConfiguration section */
		0104C704204BA74600B03725 /* Debug */ = {
			isa = XCBuildConfiguration;
			buildSettings = {
				ALWAYS_SEARCH_USER_PATHS = NO;
				CLANG_ANALYZER_NONNULL = YES;
				CLANG_ANALYZER_NUMBER_OBJECT_CONVERSION = YES_AGGRESSIVE;
				CLANG_CXX_LANGUAGE_STANDARD = "gnu++14";
				CLANG_CXX_LIBRARY = "libc++";
				CLANG_ENABLE_MODULES = YES;
				CLANG_ENABLE_OBJC_ARC = YES;
				CLANG_WARN_BLOCK_CAPTURE_AUTORELEASING = YES;
				CLANG_WARN_BOOL_CONVERSION = YES;
				CLANG_WARN_COMMA = YES;
				CLANG_WARN_CONSTANT_CONVERSION = YES;
				CLANG_WARN_DIRECT_OBJC_ISA_USAGE = YES_ERROR;
				CLANG_WARN_DOCUMENTATION_COMMENTS = YES;
				CLANG_WARN_EMPTY_BODY = YES;
				CLANG_WARN_ENUM_CONVERSION = YES;
				CLANG_WARN_INFINITE_RECURSION = YES;
				CLANG_WARN_INT_CONVERSION = YES;
				CLANG_WARN_NON_LITERAL_NULL_CONVERSION = YES;
				CLANG_WARN_OBJC_LITERAL_CONVERSION = YES;
				CLANG_WARN_OBJC_ROOT_CLASS = YES_ERROR;
				CLANG_WARN_RANGE_LOOP_ANALYSIS = YES;
				CLANG_WARN_STRICT_PROTOTYPES = YES;
				CLANG_WARN_SUSPICIOUS_MOVE = YES;
				CLANG_WARN_UNGUARDED_AVAILABILITY = YES_AGGRESSIVE;
				CLANG_WARN_UNREACHABLE_CODE = YES;
				CLANG_WARN__DUPLICATE_METHOD_MATCH = YES;
				CODE_SIGN_IDENTITY = "iPhone Developer";
				COPY_PHASE_STRIP = NO;
				DEBUG_INFORMATION_FORMAT = dwarf;
				ENABLE_STRICT_OBJC_MSGSEND = YES;
				ENABLE_TESTABILITY = YES;
				GCC_C_LANGUAGE_STANDARD = gnu11;
				GCC_DYNAMIC_NO_PIC = NO;
				GCC_NO_COMMON_BLOCKS = YES;
				GCC_OPTIMIZATION_LEVEL = 0;
				GCC_PREPROCESSOR_DEFINITIONS = (
					"DEBUG=1",
					"$(inherited)",
				);
				GCC_WARN_64_TO_32_BIT_CONVERSION = YES;
				GCC_WARN_ABOUT_RETURN_TYPE = YES_ERROR;
				GCC_WARN_UNDECLARED_SELECTOR = YES;
				GCC_WARN_UNINITIALIZED_AUTOS = YES_AGGRESSIVE;
				GCC_WARN_UNUSED_FUNCTION = YES;
				GCC_WARN_UNUSED_VARIABLE = YES;
				IPHONEOS_DEPLOYMENT_TARGET = 11.2;
				MTL_ENABLE_DEBUG_INFO = YES;
				ONLY_ACTIVE_ARCH = YES;
				SDKROOT = iphoneos;
				SWIFT_ACTIVE_COMPILATION_CONDITIONS = DEBUG;
				SWIFT_OPTIMIZATION_LEVEL = "-Onone";
			};
			name = Debug;
		};
		0104C705204BA74600B03725 /* Release */ = {
			isa = XCBuildConfiguration;
			buildSettings = {
				ALWAYS_SEARCH_USER_PATHS = NO;
				CLANG_ANALYZER_NONNULL = YES;
				CLANG_ANALYZER_NUMBER_OBJECT_CONVERSION = YES_AGGRESSIVE;
				CLANG_CXX_LANGUAGE_STANDARD = "gnu++14";
				CLANG_CXX_LIBRARY = "libc++";
				CLANG_ENABLE_MODULES = YES;
				CLANG_ENABLE_OBJC_ARC = YES;
				CLANG_WARN_BLOCK_CAPTURE_AUTORELEASING = YES;
				CLANG_WARN_BOOL_CONVERSION = YES;
				CLANG_WARN_COMMA = YES;
				CLANG_WARN_CONSTANT_CONVERSION = YES;
				CLANG_WARN_DIRECT_OBJC_ISA_USAGE = YES_ERROR;
				CLANG_WARN_DOCUMENTATION_COMMENTS = YES;
				CLANG_WARN_EMPTY_BODY = YES;
				CLANG_WARN_ENUM_CONVERSION = YES;
				CLANG_WARN_INFINITE_RECURSION = YES;
				CLANG_WARN_INT_CONVERSION = YES;
				CLANG_WARN_NON_LITERAL_NULL_CONVERSION = YES;
				CLANG_WARN_OBJC_LITERAL_CONVERSION = YES;
				CLANG_WARN_OBJC_ROOT_CLASS = YES_ERROR;
				CLANG_WARN_RANGE_LOOP_ANALYSIS = YES;
				CLANG_WARN_STRICT_PROTOTYPES = YES;
				CLANG_WARN_SUSPICIOUS_MOVE = YES;
				CLANG_WARN_UNGUARDED_AVAILABILITY = YES_AGGRESSIVE;
				CLANG_WARN_UNREACHABLE_CODE = YES;
				CLANG_WARN__DUPLICATE_METHOD_MATCH = YES;
				CODE_SIGN_IDENTITY = "iPhone Developer";
				COPY_PHASE_STRIP = NO;
				DEBUG_INFORMATION_FORMAT = "dwarf-with-dsym";
				ENABLE_NS_ASSERTIONS = NO;
				ENABLE_STRICT_OBJC_MSGSEND = YES;
				GCC_C_LANGUAGE_STANDARD = gnu11;
				GCC_NO_COMMON_BLOCKS = YES;
				GCC_WARN_64_TO_32_BIT_CONVERSION = YES;
				GCC_WARN_ABOUT_RETURN_TYPE = YES_ERROR;
				GCC_WARN_UNDECLARED_SELECTOR = YES;
				GCC_WARN_UNINITIALIZED_AUTOS = YES_AGGRESSIVE;
				GCC_WARN_UNUSED_FUNCTION = YES;
				GCC_WARN_UNUSED_VARIABLE = YES;
				IPHONEOS_DEPLOYMENT_TARGET = 11.2;
				MTL_ENABLE_DEBUG_INFO = NO;
				SDKROOT = iphoneos;
				SWIFT_OPTIMIZATION_LEVEL = "-Owholemodule";
				VALIDATE_PRODUCT = YES;
			};
			name = Release;
		};
		0104C707204BA74600B03725 /* Debug */ = {
			isa = XCBuildConfiguration;
			buildSettings = {
				ASSETCATALOG_COMPILER_APPICON_NAME = AppIcon;
				CODE_SIGN_STYLE = Automatic;
				INFOPLIST_FILE = MDBSocials2/Info.plist;
				LD_RUNPATH_SEARCH_PATHS = "$(inherited) @executable_path/Frameworks";
				PRODUCT_BUNDLE_IDENTIFIER = "Niky-Arora.MDBSocials2";
				PRODUCT_NAME = "$(TARGET_NAME)";
				SWIFT_VERSION = 4.0;
				TARGETED_DEVICE_FAMILY = "1,2";
			};
			name = Debug;
		};
		0104C708204BA74600B03725 /* Release */ = {
			isa = XCBuildConfiguration;
			buildSettings = {
				ASSETCATALOG_COMPILER_APPICON_NAME = AppIcon;
				CODE_SIGN_STYLE = Automatic;
				INFOPLIST_FILE = MDBSocials2/Info.plist;
				LD_RUNPATH_SEARCH_PATHS = "$(inherited) @executable_path/Frameworks";
				PRODUCT_BUNDLE_IDENTIFIER = "Niky-Arora.MDBSocials2";
				PRODUCT_NAME = "$(TARGET_NAME)";
				SWIFT_VERSION = 4.0;
				TARGETED_DEVICE_FAMILY = "1,2";
			};
			name = Release;
		};
		0104C70A204BA74600B03725 /* Debug */ = {
			isa = XCBuildConfiguration;
			buildSettings = {
				ALWAYS_EMBED_SWIFT_STANDARD_LIBRARIES = YES;
				BUNDLE_LOADER = "$(TEST_HOST)";
				CODE_SIGN_STYLE = Automatic;
				INFOPLIST_FILE = MDBSocials2Tests/Info.plist;
				LD_RUNPATH_SEARCH_PATHS = "$(inherited) @executable_path/Frameworks @loader_path/Frameworks";
				PRODUCT_BUNDLE_IDENTIFIER = "Niky-Arora.MDBSocials2Tests";
				PRODUCT_NAME = "$(TARGET_NAME)";
				SWIFT_VERSION = 4.0;
				TARGETED_DEVICE_FAMILY = "1,2";
				TEST_HOST = "$(BUILT_PRODUCTS_DIR)/MDBSocials2.app/MDBSocials2";
			};
			name = Debug;
		};
		0104C70B204BA74600B03725 /* Release */ = {
			isa = XCBuildConfiguration;
			buildSettings = {
				ALWAYS_EMBED_SWIFT_STANDARD_LIBRARIES = YES;
				BUNDLE_LOADER = "$(TEST_HOST)";
				CODE_SIGN_STYLE = Automatic;
				INFOPLIST_FILE = MDBSocials2Tests/Info.plist;
				LD_RUNPATH_SEARCH_PATHS = "$(inherited) @executable_path/Frameworks @loader_path/Frameworks";
				PRODUCT_BUNDLE_IDENTIFIER = "Niky-Arora.MDBSocials2Tests";
				PRODUCT_NAME = "$(TARGET_NAME)";
				SWIFT_VERSION = 4.0;
				TARGETED_DEVICE_FAMILY = "1,2";
				TEST_HOST = "$(BUILT_PRODUCTS_DIR)/MDBSocials2.app/MDBSocials2";
			};
			name = Release;
		};
		0104C70D204BA74600B03725 /* Debug */ = {
			isa = XCBuildConfiguration;
			buildSettings = {
				ALWAYS_EMBED_SWIFT_STANDARD_LIBRARIES = YES;
				CODE_SIGN_STYLE = Automatic;
				INFOPLIST_FILE = MDBSocials2UITests/Info.plist;
				LD_RUNPATH_SEARCH_PATHS = "$(inherited) @executable_path/Frameworks @loader_path/Frameworks";
				PRODUCT_BUNDLE_IDENTIFIER = "Niky-Arora.MDBSocials2UITests";
				PRODUCT_NAME = "$(TARGET_NAME)";
				SWIFT_VERSION = 4.0;
				TARGETED_DEVICE_FAMILY = "1,2";
				TEST_TARGET_NAME = MDBSocials2;
			};
			name = Debug;
		};
		0104C70E204BA74600B03725 /* Release */ = {
			isa = XCBuildConfiguration;
			buildSettings = {
				ALWAYS_EMBED_SWIFT_STANDARD_LIBRARIES = YES;
				CODE_SIGN_STYLE = Automatic;
				INFOPLIST_FILE = MDBSocials2UITests/Info.plist;
				LD_RUNPATH_SEARCH_PATHS = "$(inherited) @executable_path/Frameworks @loader_path/Frameworks";
				PRODUCT_BUNDLE_IDENTIFIER = "Niky-Arora.MDBSocials2UITests";
				PRODUCT_NAME = "$(TARGET_NAME)";
				SWIFT_VERSION = 4.0;
				TARGETED_DEVICE_FAMILY = "1,2";
				TEST_TARGET_NAME = MDBSocials2;
			};
			name = Release;
		};
/* End XCBuildConfiguration section */

/* Begin XCConfigurationList section */
		0104C6D9204BA74600B03725 /* Build configuration list for PBXProject "MDBSocials2" */ = {
			isa = XCConfigurationList;
			buildConfigurations = (
				0104C704204BA74600B03725 /* Debug */,
				0104C705204BA74600B03725 /* Release */,
			);
			defaultConfigurationIsVisible = 0;
			defaultConfigurationName = Release;
		};
		0104C706204BA74600B03725 /* Build configuration list for PBXNativeTarget "MDBSocials2" */ = {
			isa = XCConfigurationList;
			buildConfigurations = (
				0104C707204BA74600B03725 /* Debug */,
				0104C708204BA74600B03725 /* Release */,
			);
			defaultConfigurationIsVisible = 0;
			defaultConfigurationName = Release;
		};
		0104C709204BA74600B03725 /* Build configuration list for PBXNativeTarget "MDBSocials2Tests" */ = {
			isa = XCConfigurationList;
			buildConfigurations = (
				0104C70A204BA74600B03725 /* Debug */,
				0104C70B204BA74600B03725 /* Release */,
			);
			defaultConfigurationIsVisible = 0;
			defaultConfigurationName = Release;
		};
		0104C70C204BA74600B03725 /* Build configuration list for PBXNativeTarget "MDBSocials2UITests" */ = {
			isa = XCConfigurationList;
			buildConfigurations = (
				0104C70D204BA74600B03725 /* Debug */,
				0104C70E204BA74600B03725 /* Release */,
			);
			defaultConfigurationIsVisible = 0;
			defaultConfigurationName = Release;
		};
/* End XCConfigurationList section */
	};
	rootObject = 0104C6D6204BA74600B03725 /* Project object */;
}
